
Microsoft Visual Studio Solution File, Format Version 12.00
# Visual Studio Version 17
VisualStudioVersion = 17.5.002.0
MinimumVisualStudioVersion = 10.0.40219.1
Project("{2150E333-8FDC-42A3-9474-1A3956D46DE8}") = "Projects", "Projects", "{6C6407A0-0AEA-4664-8083-169E1D795A4C}"
EndProject
Project("{9A19103F-16F7-4668-BE54-9A1E7A4F7556}") = "CreatureDatabaseService", "Projects\CreatureDatabaseService\CreatureDatabaseService.csproj", "{6A022430-6E95-44E8-911F-1DF39F48758D}"
EndProject
Project("{9A19103F-16F7-4668-BE54-9A1E7A4F7556}") = "CreatureService", "Projects\CreatureService\CreatureService.csproj", "{97FA169D-E986-402B-ACCB-778C7A516209}"
EndProject
Project("{9A19103F-16F7-4668-BE54-9A1E7A4F7556}") = "EffectsDatabaseService", "Projects\EffectsDatabaseService\EffectsDatabaseService.csproj", "{C931E24E-1632-437D-B444-7712C7A47EC9}"
EndProject
Project("{9A19103F-16F7-4668-BE54-9A1E7A4F7556}") = "EffectsService", "Projects\EffectsService\EffectsService.csproj", "{B914F4A0-9C31-4D29-A4D5-D85A34F56811}"
EndProject
Project("{9A19103F-16F7-4668-BE54-9A1E7A4F7556}") = "WeaponDatabaService", "Projects\WeaponDatabaseService\WeaponDatabaService.csproj", "{CD42FC5E-4684-4F99-A86D-69F4F37779AB}"
EndProject
Project("{9A19103F-16F7-4668-BE54-9A1E7A4F7556}") = "WeaponService", "Projects\WeaponService\WeaponService.csproj", "{F2290584-403F-4A40-A3A8-9D8B3EF95F44}"
EndProject
Global
	GlobalSection(SolutionConfigurationPlatforms) = preSolution
		Debug|Any CPU = Debug|Any CPU
		Release|Any CPU = Release|Any CPU
	EndGlobalSection
	GlobalSection(ProjectConfigurationPlatforms) = postSolution
		{A7658584-8C2D-4CD4-82F7-5996453DA894}.Debug|Any CPU.ActiveCfg = Debug|Any CPU
		{A7658584-8C2D-4CD4-82F7-5996453DA894}.Debug|Any CPU.Build.0 = Debug|Any CPU
		{A7658584-8C2D-4CD4-82F7-5996453DA894}.Release|Any CPU.ActiveCfg = Release|Any CPU
		{A7658584-8C2D-4CD4-82F7-5996453DA894}.Release|Any CPU.Build.0 = Release|Any CPU
		{01EF8833-B653-405A-8B51-2159D68BFC62}.Debug|Any CPU.ActiveCfg = Debug|Any CPU
		{01EF8833-B653-405A-8B51-2159D68BFC62}.Debug|Any CPU.Build.0 = Debug|Any CPU
		{01EF8833-B653-405A-8B51-2159D68BFC62}.Release|Any CPU.ActiveCfg = Release|Any CPU
		{01EF8833-B653-405A-8B51-2159D68BFC62}.Release|Any CPU.Build.0 = Release|Any CPU
		{6A022430-6E95-44E8-911F-1DF39F48758D}.Debug|Any CPU.ActiveCfg = Debug|Any CPU
		{6A022430-6E95-44E8-911F-1DF39F48758D}.Debug|Any CPU.Build.0 = Debug|Any CPU
		{6A022430-6E95-44E8-911F-1DF39F48758D}.Release|Any CPU.ActiveCfg = Release|Any CPU
		{6A022430-6E95-44E8-911F-1DF39F48758D}.Release|Any CPU.Build.0 = Release|Any CPU
		{97FA169D-E986-402B-ACCB-778C7A516209}.Debug|Any CPU.ActiveCfg = Debug|Any CPU
		{97FA169D-E986-402B-ACCB-778C7A516209}.Debug|Any CPU.Build.0 = Debug|Any CPU
		{97FA169D-E986-402B-ACCB-778C7A516209}.Release|Any CPU.ActiveCfg = Release|Any CPU
		{97FA169D-E986-402B-ACCB-778C7A516209}.Release|Any CPU.Build.0 = Release|Any CPU
		{C931E24E-1632-437D-B444-7712C7A47EC9}.Debug|Any CPU.ActiveCfg = Debug|Any CPU
		{C931E24E-1632-437D-B444-7712C7A47EC9}.Debug|Any CPU.Build.0 = Debug|Any CPU
		{C931E24E-1632-437D-B444-7712C7A47EC9}.Release|Any CPU.ActiveCfg = Release|Any CPU
		{C931E24E-1632-437D-B444-7712C7A47EC9}.Release|Any CPU.Build.0 = Release|Any CPU
		{B914F4A0-9C31-4D29-A4D5-D85A34F56811}.Debug|Any CPU.ActiveCfg = Debug|Any CPU
		{B914F4A0-9C31-4D29-A4D5-D85A34F56811}.Debug|Any CPU.Build.0 = Debug|Any CPU
		{B914F4A0-9C31-4D29-A4D5-D85A34F56811}.Release|Any CPU.ActiveCfg = Release|Any CPU
		{B914F4A0-9C31-4D29-A4D5-D85A34F56811}.Release|Any CPU.Build.0 = Release|Any CPU
		{4B091391-F6F6-46DA-838B-3CFB173D58FB}.Debug|Any CPU.ActiveCfg = Debug|Any CPU
		{4B091391-F6F6-46DA-838B-3CFB173D58FB}.Debug|Any CPU.Build.0 = Debug|Any CPU
		{4B091391-F6F6-46DA-838B-3CFB173D58FB}.Release|Any CPU.ActiveCfg = Release|Any CPU
		{4B091391-F6F6-46DA-838B-3CFB173D58FB}.Release|Any CPU.Build.0 = Release|Any CPU
		{ED52DF01-E123-4421-9756-365C51581F3C}.Debug|Any CPU.ActiveCfg = Debug|Any CPU
		{ED52DF01-E123-4421-9756-365C51581F3C}.Debug|Any CPU.Build.0 = Debug|Any CPU
		{ED52DF01-E123-4421-9756-365C51581F3C}.Release|Any CPU.ActiveCfg = Release|Any CPU
		{ED52DF01-E123-4421-9756-365C51581F3C}.Release|Any CPU.Build.0 = Release|Any CPU
		{CD42FC5E-4684-4F99-A86D-69F4F37779AB}.Debug|Any CPU.ActiveCfg = Debug|Any CPU
		{CD42FC5E-4684-4F99-A86D-69F4F37779AB}.Debug|Any CPU.Build.0 = Debug|Any CPU
		{CD42FC5E-4684-4F99-A86D-69F4F37779AB}.Release|Any CPU.ActiveCfg = Release|Any CPU
		{CD42FC5E-4684-4F99-A86D-69F4F37779AB}.Release|Any CPU.Build.0 = Release|Any CPU
		{F2290584-403F-4A40-A3A8-9D8B3EF95F44}.Debug|Any CPU.ActiveCfg = Debug|Any CPU
		{F2290584-403F-4A40-A3A8-9D8B3EF95F44}.Debug|Any CPU.Build.0 = Debug|Any CPU
		{F2290584-403F-4A40-A3A8-9D8B3EF95F44}.Release|Any CPU.ActiveCfg = Release|Any CPU
		{F2290584-403F-4A40-A3A8-9D8B3EF95F44}.Release|Any CPU.Build.0 = Release|Any CPU
	EndGlobalSection
	GlobalSection(SolutionProperties) = preSolution
		HideSolutionNode = FALSE
	EndGlobalSection
	GlobalSection(NestedProjects) = preSolution
		{A7658584-8C2D-4CD4-82F7-5996453DA894} = {6C6407A0-0AEA-4664-8083-169E1D795A4C}
		{01EF8833-B653-405A-8B51-2159D68BFC62} = {6C6407A0-0AEA-4664-8083-169E1D795A4C}
		{6A022430-6E95-44E8-911F-1DF39F48758D} = {6C6407A0-0AEA-4664-8083-169E1D795A4C}
		{97FA169D-E986-402B-ACCB-778C7A516209} = {6C6407A0-0AEA-4664-8083-169E1D795A4C}
		{C931E24E-1632-437D-B444-7712C7A47EC9} = {6C6407A0-0AEA-4664-8083-169E1D795A4C}
		{B914F4A0-9C31-4D29-A4D5-D85A34F56811} = {6C6407A0-0AEA-4664-8083-169E1D795A4C}
		{4B091391-F6F6-46DA-838B-3CFB173D58FB} = {6C6407A0-0AEA-4664-8083-169E1D795A4C}
		{ED52DF01-E123-4421-9756-365C51581F3C} = {6C6407A0-0AEA-4664-8083-169E1D795A4C}
		{CD42FC5E-4684-4F99-A86D-69F4F37779AB} = {6C6407A0-0AEA-4664-8083-169E1D795A4C}
		{F2290584-403F-4A40-A3A8-9D8B3EF95F44} = {6C6407A0-0AEA-4664-8083-169E1D795A4C}
	EndGlobalSection
	GlobalSection(ExtensibilityGlobals) = postSolution
		SolutionGuid = {722CC439-49D7-4DB9-A69B-6B04D21B6173}
	EndGlobalSection
EndGlobal
