
Microsoft Visual Studio Solution File, Format Version 12.00
# Visual Studio Version 17
VisualStudioVersion = 17.5.002.0
MinimumVisualStudioVersion = 10.0.40219.1
Project("{2150E333-8FDC-42A3-9474-1A3956D46DE8}") = "Projects", "Projects", "{6C6407A0-0AEA-4664-8083-169E1D795A4C}"
EndProject
Project("{9A19103F-16F7-4668-BE54-9A1E7A4F7556}") = "CreatureDatabaseService", "Projects\CreatureDatabaseService\CreatureDatabaseService.csproj", "{6A022430-6E95-44E8-911F-1DF39F48758D}"
EndProject
Project("{9A19103F-16F7-4668-BE54-9A1E7A4F7556}") = "CreatureService", "Projects\CreatureService\CreatureService.csproj", "{97FA169D-E986-402B-ACCB-778C7A516209}"
EndProject
Project("{9A19103F-16F7-4668-BE54-9A1E7A4F7556}") = "EffectsDatabaseService", "Projects\EffectsDatabaseService\EffectsDatabaseService.csproj", "{C931E24E-1632-437D-B444-7712C7A47EC9}"
EndProject
Project("{9A19103F-16F7-4668-BE54-9A1E7A4F7556}") = "EffectsService", "Projects\EffectsService\EffectsService.csproj", "{B914F4A0-9C31-4D29-A4D5-D85A34F56811}"
EndProject
Project("{9A19103F-16F7-4668-BE54-9A1E7A4F7556}") = "WeaponDatabaService", "Projects\WeaponDatabaseService\WeaponDatabaService.csproj", "{CD42FC5E-4684-4F99-A86D-69F4F37779AB}"
EndProject
Project("{9A19103F-16F7-4668-BE54-9A1E7A4F7556}") = "WeaponService", "Projects\WeaponService\WeaponService.csproj", "{F2290584-403F-4A40-A3A8-9D8B3EF95F44}"
EndProject
Project("{9A19103F-16F7-4668-BE54-9A1E7A4F7556}") = "Resilience", "Package\Resilience\Resilience.csproj", "{F2C81058-D1E8-4717-8851-AC23807CBCAA}"
EndProject
Project("{9A19103F-16F7-4668-BE54-9A1E7A4F7556}") = "CreatureModel", "Package\SharedModels\CreatureModel\CreatureModel.csproj", "{18E0898C-CB0C-47CE-A8A0-0346A77A42B6}"
EndProject
Project("{9A19103F-16F7-4668-BE54-9A1E7A4F7556}") = "EffectsModel", "Package\SharedModels\EffectsModel\EffectsModel.csproj", "{CD598E06-6FA5-4C84-B4CE-0D780C413F9A}"
EndProject
Project("{9A19103F-16F7-4668-BE54-9A1E7A4F7556}") = "WeaponModel", "Package\SharedModels\WeaponModel\WeaponModel.csproj", "{96C18044-1FC2-42D7-85D4-B3CAC6A421DE}"
EndProject
Global
	GlobalSection(SolutionConfigurationPlatforms) = preSolution
		Debug|Any CPU = Debug|Any CPU
		Release|Any CPU = Release|Any CPU
	EndGlobalSection
	GlobalSection(ProjectConfigurationPlatforms) = postSolution
		{6A022430-6E95-44E8-911F-1DF39F48758D}.Debug|Any CPU.ActiveCfg = Debug|Any CPU
		{6A022430-6E95-44E8-911F-1DF39F48758D}.Debug|Any CPU.Build.0 = Debug|Any CPU
		{6A022430-6E95-44E8-911F-1DF39F48758D}.Release|Any CPU.ActiveCfg = Release|Any CPU
		{6A022430-6E95-44E8-911F-1DF39F48758D}.Release|Any CPU.Build.0 = Release|Any CPU
		{97FA169D-E986-402B-ACCB-778C7A516209}.Debug|Any CPU.ActiveCfg = Debug|Any CPU
		{97FA169D-E986-402B-ACCB-778C7A516209}.Debug|Any CPU.Build.0 = Debug|Any CPU
		{97FA169D-E986-402B-ACCB-778C7A516209}.Release|Any CPU.ActiveCfg = Release|Any CPU
		{97FA169D-E986-402B-ACCB-778C7A516209}.Release|Any CPU.Build.0 = Release|Any CPU
		{C931E24E-1632-437D-B444-7712C7A47EC9}.Debug|Any CPU.ActiveCfg = Debug|Any CPU
		{C931E24E-1632-437D-B444-7712C7A47EC9}.Debug|Any CPU.Build.0 = Debug|Any CPU
		{C931E24E-1632-437D-B444-7712C7A47EC9}.Release|Any CPU.ActiveCfg = Release|Any CPU
		{C931E24E-1632-437D-B444-7712C7A47EC9}.Release|Any CPU.Build.0 = Release|Any CPU
		{B914F4A0-9C31-4D29-A4D5-D85A34F56811}.Debug|Any CPU.ActiveCfg = Debug|Any CPU
		{B914F4A0-9C31-4D29-A4D5-D85A34F56811}.Debug|Any CPU.Build.0 = Debug|Any CPU
		{B914F4A0-9C31-4D29-A4D5-D85A34F56811}.Release|Any CPU.ActiveCfg = Release|Any CPU
		{B914F4A0-9C31-4D29-A4D5-D85A34F56811}.Release|Any CPU.Build.0 = Release|Any CPU
		{CD42FC5E-4684-4F99-A86D-69F4F37779AB}.Debug|Any CPU.ActiveCfg = Debug|Any CPU
		{CD42FC5E-4684-4F99-A86D-69F4F37779AB}.Debug|Any CPU.Build.0 = Debug|Any CPU
		{CD42FC5E-4684-4F99-A86D-69F4F37779AB}.Release|Any CPU.ActiveCfg = Release|Any CPU
		{CD42FC5E-4684-4F99-A86D-69F4F37779AB}.Release|Any CPU.Build.0 = Release|Any CPU
		{F2290584-403F-4A40-A3A8-9D8B3EF95F44}.Debug|Any CPU.ActiveCfg = Debug|Any CPU
		{F2290584-403F-4A40-A3A8-9D8B3EF95F44}.Debug|Any CPU.Build.0 = Debug|Any CPU
		{F2290584-403F-4A40-A3A8-9D8B3EF95F44}.Release|Any CPU.ActiveCfg = Release|Any CPU
		{F2290584-403F-4A40-A3A8-9D8B3EF95F44}.Release|Any CPU.Build.0 = Release|Any CPU
		{F2C81058-D1E8-4717-8851-AC23807CBCAA}.Debug|Any CPU.ActiveCfg = Debug|Any CPU
		{F2C81058-D1E8-4717-8851-AC23807CBCAA}.Debug|Any CPU.Build.0 = Debug|Any CPU
		{F2C81058-D1E8-4717-8851-AC23807CBCAA}.Release|Any CPU.ActiveCfg = Release|Any CPU
		{F2C81058-D1E8-4717-8851-AC23807CBCAA}.Release|Any CPU.Build.0 = Release|Any CPU
		{18E0898C-CB0C-47CE-A8A0-0346A77A42B6}.Debug|Any CPU.ActiveCfg = Debug|Any CPU
		{18E0898C-CB0C-47CE-A8A0-0346A77A42B6}.Debug|Any CPU.Build.0 = Debug|Any CPU
		{18E0898C-CB0C-47CE-A8A0-0346A77A42B6}.Release|Any CPU.ActiveCfg = Release|Any CPU
		{18E0898C-CB0C-47CE-A8A0-0346A77A42B6}.Release|Any CPU.Build.0 = Release|Any CPU
		{CD598E06-6FA5-4C84-B4CE-0D780C413F9A}.Debug|Any CPU.ActiveCfg = Debug|Any CPU
		{CD598E06-6FA5-4C84-B4CE-0D780C413F9A}.Debug|Any CPU.Build.0 = Debug|Any CPU
		{CD598E06-6FA5-4C84-B4CE-0D780C413F9A}.Release|Any CPU.ActiveCfg = Release|Any CPU
		{CD598E06-6FA5-4C84-B4CE-0D780C413F9A}.Release|Any CPU.Build.0 = Release|Any CPU
		{96C18044-1FC2-42D7-85D4-B3CAC6A421DE}.Debug|Any CPU.ActiveCfg = Debug|Any CPU
		{96C18044-1FC2-42D7-85D4-B3CAC6A421DE}.Debug|Any CPU.Build.0 = Debug|Any CPU
		{96C18044-1FC2-42D7-85D4-B3CAC6A421DE}.Release|Any CPU.ActiveCfg = Release|Any CPU
		{96C18044-1FC2-42D7-85D4-B3CAC6A421DE}.Release|Any CPU.Build.0 = Release|Any CPU
	EndGlobalSection
	GlobalSection(SolutionProperties) = preSolution
		HideSolutionNode = FALSE
	EndGlobalSection
	GlobalSection(NestedProjects) = preSolution
		{6A022430-6E95-44E8-911F-1DF39F48758D} = {6C6407A0-0AEA-4664-8083-169E1D795A4C}
		{97FA169D-E986-402B-ACCB-778C7A516209} = {6C6407A0-0AEA-4664-8083-169E1D795A4C}
		{C931E24E-1632-437D-B444-7712C7A47EC9} = {6C6407A0-0AEA-4664-8083-169E1D795A4C}
		{B914F4A0-9C31-4D29-A4D5-D85A34F56811} = {6C6407A0-0AEA-4664-8083-169E1D795A4C}
		{CD42FC5E-4684-4F99-A86D-69F4F37779AB} = {6C6407A0-0AEA-4664-8083-169E1D795A4C}
		{F2290584-403F-4A40-A3A8-9D8B3EF95F44} = {6C6407A0-0AEA-4664-8083-169E1D795A4C}
	EndGlobalSection
	GlobalSection(ExtensibilityGlobals) = postSolution
		SolutionGuid = {722CC439-49D7-4DB9-A69B-6B04D21B6173}
	EndGlobalSection
EndGlobal
