
Microsoft Visual Studio Solution File, Format Version 12.00
# Visual Studio Version 17
VisualStudioVersion = 17.5.002.0
MinimumVisualStudioVersion = 10.0.40219.1
Project("{9A19103F-16F7-4668-BE54-9A1E7A4F7556}") = "AttacksDatabaseService", "AttacksDatabaseService\AttacksDatabaseService.csproj", "{1877BAD7-FC7F-4B1E-B609-D4DA57900260}"
EndProject
Project("{9A19103F-16F7-4668-BE54-9A1E7A4F7556}") = "AttacksService", "AttacksService\AttacksService.csproj", "{6C49C201-3887-43D2-B367-59204961A486}"
EndProject
Project("{9A19103F-16F7-4668-BE54-9A1E7A4F7556}") = "CreatureDatabaseService", "CreatureDatabaseService\CreatureDatabaseService.csproj", "{B6CAA145-E858-423A-B3BA-BB8AD90E01A4}"
EndProject
Project("{9A19103F-16F7-4668-BE54-9A1E7A4F7556}") = "CreatureService", "CreatureService\CreatureService.csproj", "{9ED98251-6115-4E72-8E03-4AD798D23F2F}"
EndProject
Project("{9A19103F-16F7-4668-BE54-9A1E7A4F7556}") = "EffectsDatabaseService", "EffectsDatabaseService\EffectsDatabaseService.csproj", "{40C523CA-316C-4358-BBAC-C77E2742FA45}"
EndProject
Project("{9A19103F-16F7-4668-BE54-9A1E7A4F7556}") = "EffectsService", "EffectsService\EffectsService.csproj", "{5B593015-5DA5-49AB-92E8-19B6BAFADAA2}"
EndProject
Project("{9A19103F-16F7-4668-BE54-9A1E7A4F7556}") = "FeatDatabaseService", "FeatDatabaseService\FeatDatabaseService.csproj", "{35663359-F851-4A0B-AEA2-FD11DE5FCE8F}"
EndProject
Project("{9A19103F-16F7-4668-BE54-9A1E7A4F7556}") = "FeatService", "FeatService\FeatService.csproj", "{F6F5CFD5-7D36-4EFE-803E-8F1379A4FA29}"
EndProject
Project("{9A19103F-16F7-4668-BE54-9A1E7A4F7556}") = "WeaponDatabaService", "WeaponDatabaseService\WeaponDatabaService.csproj", "{56F5C3F9-6A60-4635-AAD1-AD8A690F91BF}"
EndProject
Project("{9A19103F-16F7-4668-BE54-9A1E7A4F7556}") = "WeaponService", "WeaponService\WeaponService.csproj", "{CBBCC8C9-7DDC-4073-A3F5-88403004D666}"
EndProject
Global
	GlobalSection(SolutionConfigurationPlatforms) = preSolution
		Debug|Any CPU = Debug|Any CPU
		Release|Any CPU = Release|Any CPU
	EndGlobalSection
	GlobalSection(ProjectConfigurationPlatforms) = postSolution
		{1877BAD7-FC7F-4B1E-B609-D4DA57900260}.Debug|Any CPU.ActiveCfg = Debug|Any CPU
		{1877BAD7-FC7F-4B1E-B609-D4DA57900260}.Debug|Any CPU.Build.0 = Debug|Any CPU
		{1877BAD7-FC7F-4B1E-B609-D4DA57900260}.Release|Any CPU.ActiveCfg = Release|Any CPU
		{1877BAD7-FC7F-4B1E-B609-D4DA57900260}.Release|Any CPU.Build.0 = Release|Any CPU
		{6C49C201-3887-43D2-B367-59204961A486}.Debug|Any CPU.ActiveCfg = Debug|Any CPU
		{6C49C201-3887-43D2-B367-59204961A486}.Debug|Any CPU.Build.0 = Debug|Any CPU
		{6C49C201-3887-43D2-B367-59204961A486}.Release|Any CPU.ActiveCfg = Release|Any CPU
		{6C49C201-3887-43D2-B367-59204961A486}.Release|Any CPU.Build.0 = Release|Any CPU
		{B6CAA145-E858-423A-B3BA-BB8AD90E01A4}.Debug|Any CPU.ActiveCfg = Debug|Any CPU
		{B6CAA145-E858-423A-B3BA-BB8AD90E01A4}.Debug|Any CPU.Build.0 = Debug|Any CPU
		{B6CAA145-E858-423A-B3BA-BB8AD90E01A4}.Release|Any CPU.ActiveCfg = Release|Any CPU
		{B6CAA145-E858-423A-B3BA-BB8AD90E01A4}.Release|Any CPU.Build.0 = Release|Any CPU
		{9ED98251-6115-4E72-8E03-4AD798D23F2F}.Debug|Any CPU.ActiveCfg = Debug|Any CPU
		{9ED98251-6115-4E72-8E03-4AD798D23F2F}.Debug|Any CPU.Build.0 = Debug|Any CPU
		{9ED98251-6115-4E72-8E03-4AD798D23F2F}.Release|Any CPU.ActiveCfg = Release|Any CPU
		{9ED98251-6115-4E72-8E03-4AD798D23F2F}.Release|Any CPU.Build.0 = Release|Any CPU
		{40C523CA-316C-4358-BBAC-C77E2742FA45}.Debug|Any CPU.ActiveCfg = Debug|Any CPU
		{40C523CA-316C-4358-BBAC-C77E2742FA45}.Debug|Any CPU.Build.0 = Debug|Any CPU
		{40C523CA-316C-4358-BBAC-C77E2742FA45}.Release|Any CPU.ActiveCfg = Release|Any CPU
		{40C523CA-316C-4358-BBAC-C77E2742FA45}.Release|Any CPU.Build.0 = Release|Any CPU
		{5B593015-5DA5-49AB-92E8-19B6BAFADAA2}.Debug|Any CPU.ActiveCfg = Debug|Any CPU
		{5B593015-5DA5-49AB-92E8-19B6BAFADAA2}.Debug|Any CPU.Build.0 = Debug|Any CPU
		{5B593015-5DA5-49AB-92E8-19B6BAFADAA2}.Release|Any CPU.ActiveCfg = Release|Any CPU
		{5B593015-5DA5-49AB-92E8-19B6BAFADAA2}.Release|Any CPU.Build.0 = Release|Any CPU
		{35663359-F851-4A0B-AEA2-FD11DE5FCE8F}.Debug|Any CPU.ActiveCfg = Debug|Any CPU
		{35663359-F851-4A0B-AEA2-FD11DE5FCE8F}.Debug|Any CPU.Build.0 = Debug|Any CPU
		{35663359-F851-4A0B-AEA2-FD11DE5FCE8F}.Release|Any CPU.ActiveCfg = Release|Any CPU
		{35663359-F851-4A0B-AEA2-FD11DE5FCE8F}.Release|Any CPU.Build.0 = Release|Any CPU
		{F6F5CFD5-7D36-4EFE-803E-8F1379A4FA29}.Debug|Any CPU.ActiveCfg = Debug|Any CPU
		{F6F5CFD5-7D36-4EFE-803E-8F1379A4FA29}.Debug|Any CPU.Build.0 = Debug|Any CPU
		{F6F5CFD5-7D36-4EFE-803E-8F1379A4FA29}.Release|Any CPU.ActiveCfg = Release|Any CPU
		{F6F5CFD5-7D36-4EFE-803E-8F1379A4FA29}.Release|Any CPU.Build.0 = Release|Any CPU
		{56F5C3F9-6A60-4635-AAD1-AD8A690F91BF}.Debug|Any CPU.ActiveCfg = Debug|Any CPU
		{56F5C3F9-6A60-4635-AAD1-AD8A690F91BF}.Debug|Any CPU.Build.0 = Debug|Any CPU
		{56F5C3F9-6A60-4635-AAD1-AD8A690F91BF}.Release|Any CPU.ActiveCfg = Release|Any CPU
		{56F5C3F9-6A60-4635-AAD1-AD8A690F91BF}.Release|Any CPU.Build.0 = Release|Any CPU
		{CBBCC8C9-7DDC-4073-A3F5-88403004D666}.Debug|Any CPU.ActiveCfg = Debug|Any CPU
		{CBBCC8C9-7DDC-4073-A3F5-88403004D666}.Debug|Any CPU.Build.0 = Debug|Any CPU
		{CBBCC8C9-7DDC-4073-A3F5-88403004D666}.Release|Any CPU.ActiveCfg = Release|Any CPU
		{CBBCC8C9-7DDC-4073-A3F5-88403004D666}.Release|Any CPU.Build.0 = Release|Any CPU
	EndGlobalSection
	GlobalSection(SolutionProperties) = preSolution
		HideSolutionNode = FALSE
	EndGlobalSection
	GlobalSection(ExtensibilityGlobals) = postSolution
		SolutionGuid = {9C49BC4B-BB20-4D4A-B5CB-2D64C33DCE2C}
	EndGlobalSection
EndGlobal
